
Microsoft Visual Studio Solution File, Format Version 11.00
# Visual Studio 2010
Project("{FAE04EC0-301F-11D3-BF4B-00C04F79EFBC}") = "Assembly-CSharp", "Assembly-CSharp.csproj", "{575004E3-B50B-FE5D-30BF-8796EBBF5594}"
EndProject
Project("{FAE04EC0-301F-11D3-BF4B-00C04F79EFBC}") = "VuforiaScripts", "VuforiaScripts.csproj", "{F80DE83B-E06D-3C44-680B-CF602DCCB074}"
EndProject
Project("{FAE04EC0-301F-11D3-BF4B-00C04F79EFBC}") = "VuforiaEditorScripts", "VuforiaEditorScripts.csproj", "{702B41BF-5A1F-D758-61CC-EFFC79E1B75D}"
EndProject
Global
	GlobalSection(SolutionConfigurationPlatforms) = preSolution
		Debug|Any CPU = Debug|Any CPU
		Release|Any CPU = Release|Any CPU
	EndGlobalSection
	GlobalSection(ProjectConfigurationPlatforms) = postSolution
		{575004E3-B50B-FE5D-30BF-8796EBBF5594}.Debug|Any CPU.ActiveCfg = Debug|Any CPU
		{575004E3-B50B-FE5D-30BF-8796EBBF5594}.Debug|Any CPU.Build.0 = Debug|Any CPU
		{575004E3-B50B-FE5D-30BF-8796EBBF5594}.Release|Any CPU.ActiveCfg = Release|Any CPU
		{575004E3-B50B-FE5D-30BF-8796EBBF5594}.Release|Any CPU.Build.0 = Release|Any CPU
		{F80DE83B-E06D-3C44-680B-CF602DCCB074}.Debug|Any CPU.ActiveCfg = Debug|Any CPU
		{F80DE83B-E06D-3C44-680B-CF602DCCB074}.Debug|Any CPU.Build.0 = Debug|Any CPU
		{F80DE83B-E06D-3C44-680B-CF602DCCB074}.Release|Any CPU.ActiveCfg = Release|Any CPU
		{F80DE83B-E06D-3C44-680B-CF602DCCB074}.Release|Any CPU.Build.0 = Release|Any CPU
		{702B41BF-5A1F-D758-61CC-EFFC79E1B75D}.Debug|Any CPU.ActiveCfg = Debug|Any CPU
		{702B41BF-5A1F-D758-61CC-EFFC79E1B75D}.Debug|Any CPU.Build.0 = Debug|Any CPU
		{702B41BF-5A1F-D758-61CC-EFFC79E1B75D}.Release|Any CPU.ActiveCfg = Release|Any CPU
		{702B41BF-5A1F-D758-61CC-EFFC79E1B75D}.Release|Any CPU.Build.0 = Release|Any CPU
	EndGlobalSection
	GlobalSection(SolutionProperties) = preSolution
		HideSolutionNode = FALSE
	EndGlobalSection
	GlobalSection(MonoDevelopProperties) = preSolution
		StartupItem = Assembly-CSharp.csproj
	EndGlobalSection
EndGlobal
